PODS:
  - AdFitSDK (3.18.3)
  - AdMixer (1.1.7)
  - AdMixerMediation (2.3.5):
    - AdMixer (>= 1.1.6)
  - AdMixerMediationAdFit (1.0.8):
    - AdFitSDK (< 3.18.6, >= 3.14.7)
    - AdMixerMediation (>= 2.3.0)
  - AdMixerMediationAppLovin (1.0.6):
    - AdMixerMediationAppLovin/WithCore (= 1.0.6)
  - AdMixerMediationAppLovin/WithCore (1.0.6):
    - AdMixerMediation (>= 2.3.0)
    - AppLovinSDK (< 13.5.2, >= 13.3.1)
  - AdMixerMediationGAM (1.0.10):
    - AdMixerMediation (>= 2.3.0)
    - Google-Mobile-Ads-SDK (< 13.3.1, >= 12.7.0)
  - AdMixerMediationPangle (1.0.7):
    - AdMixerMediation (>= 2.3.0)
    - Ads-Global
  - AdMixerMediationUnityAds (1.0.9):
    - AdMixerMediationUnityAds/WithCore (= 1.0.9)
  - AdMixerMediationUnityAds/WithCore (1.0.9):
    - AdMixerMediation (>= 2.3.0)
    - UnityAds (< 4.16.6, >= 4.15.1)
  - Ads-Global (8.1.0.6):
    - Ads-Global/BUAdSDK (= 8.1.0.6)
  - Ads-Global/BUAdSDK (8.1.0.6):
    - Ads-Global/PangleSDK
    - Ads-Global/TikTokBusinessSDK
  - Ads-Global/PangleSDK (8.1.0.6)
  - Ads-Global/TikTokBusinessSDK (8.1.0.6)
  - AppLovinSDK (13.5.1)
  - Google-Mobile-Ads-SDK (13.3.0):
    - GoogleUserMessagingPlatform (>= 1.1)
  - GoogleUserMessagingPlatform (3.1.0)
  - UnityAds (4.16.5)

DEPENDENCIES:
  - AdMixerMediation (= 2.3.5)
  - AdMixerMediationAdFit (= 1.0.8)
  - AdMixerMediationAppLovin (= 1.0.6)
  - AdMixerMediationGAM (= 1.0.10)
  - AdMixerMediationPangle (= 1.0.7)
  - AdMixerMediationUnityAds (= 1.0.9)

SPEC REPOS:
  trunk:
    - AdFitSDK
    - AdMixer
    - AdMixerMediation
    - AdMixerMediationAdFit
    - AdMixerMediationAppLovin
    - AdMixerMediationGAM
    - AdMixerMediationPangle
    - AdMixerMediationUnityAds
    - Ads-Global
    - AppLovinSDK
    - Google-Mobile-Ads-SDK
    - GoogleUserMessagingPlatform
    - UnityAds

SPEC CHECKSUMS:
  AdFitSDK: 5dced95f618805b9881365edc8c922de8feb5550
  AdMixer: 7532d0faf6cd24bd4cc277d290f72cdbf565a609
  AdMixerMediation: bc7e11c8179f03a2cc300eb4e436a1cb14a6981c
  AdMixerMediationAdFit: 6d7397db569a6977c6baf088ae86471a00d198fc
  AdMixerMediationAppLovin: ef7c64ce92ebaf7aa002bc536618e566328d96ae
  AdMixerMediationGAM: e1945d70aa11c0969c254dc9542607f22773bd06
  AdMixerMediationPangle: 51cf3b4bf96c9901deec73fb4c4a528bf04b1876
  AdMixerMediationUnityAds: 22bdadaa073693b78eeb59dbcc22dd1bf56e9ba5
  Ads-Global: 928e2669595256b915df04a4a2f299d3bb8fe6b7
  AppLovinSDK: 8d9af6c7617e4d35b38aa8393a3e9d161a74b230
  Google-Mobile-Ads-SDK: 7692126a35ed859f20635af281c50a2162be8bea
  GoogleUserMessagingPlatform: befe603da6501006420c206222acd449bba45a9c
  UnityAds: 8b9e0ecf7c4aa7334d15f81efb58db279e28f502

PODFILE CHECKSUM: 841b1386f21f0e8b806bb933302fabf312b369af

COCOAPODS: 1.16.2
